
Microsoft Visual Studio Solution File, Format Version 12.00
# Visual Studio Version 16
VisualStudioVersion = 16.0.30621.155
MinimumVisualStudioVersion = 10.0.40219.1
Project("{9A19103F-16F7-4668-BE54-9A1E7A4F7556}") = "Empr.CoreServicesApi", "Empr.CoreServicesApi.csproj", "{4FCFFF82-CFAB-4991-9A9B-557384EC267B}"
EndProject
Global
	GlobalSection(SolutionConfigurationPlatforms) = preSolution
		Debug|Any CPU = Debug|Any CPU
		Release|Any CPU = Release|Any CPU
	EndGlobalSection
	GlobalSection(ProjectConfigurationPlatforms) = postSolution
		{4FCFFF82-CFAB-4991-9A9B-557384EC267B}.Debug|Any CPU.ActiveCfg = Debug|Any CPU
		{4FCFFF82-CFAB-4991-9A9B-557384EC267B}.Debug|Any CPU.Build.0 = Debug|Any CPU
		{4FCFFF82-CFAB-4991-9A9B-557384EC267B}.Release|Any CPU.ActiveCfg = Release|Any CPU
		{4FCFFF82-CFAB-4991-9A9B-557384EC267B}.Release|Any CPU.Build.0 = Release|Any CPU
	EndGlobalSection
	GlobalSection(SolutionProperties) = preSolution
		HideSolutionNode = FALSE
	EndGlobalSection
	GlobalSection(ExtensibilityGlobals) = postSolution
		SolutionGuid = {081171B3-8C45-46DB-BB11-5AE6B11D149B}
	EndGlobalSection
EndGlobal
